
Microsoft Visual Studio Solution File, Format Version 12.00
# Visual Studio Version 17
VisualStudioVersion = 17.1.32421.90
MinimumVisualStudioVersion = 10.0.40219.1
Project("{9A19103F-16F7-4668-BE54-9A1E7A4F7556}") = "MicroservicesOrder", "MicroservicesOrder\MicroservicesOrder.csproj", "{3C2A0439-8452-4B18-9CAB-0F5783684224}"
EndProject
Project("{FAE04EC0-301F-11D3-BF4B-00C04F79EFBC}") = "SharedMessage", "CommandMessage\SharedMessage.csproj", "{14431FCE-60AE-4D9F-916C-9310348FA8C5}"
EndProject
Global
	GlobalSection(SolutionConfigurationPlatforms) = preSolution
		Debug|Any CPU = Debug|Any CPU
		Release|Any CPU = Release|Any CPU
	EndGlobalSection
	GlobalSection(ProjectConfigurationPlatforms) = postSolution
		{3C2A0439-8452-4B18-9CAB-0F5783684224}.Debug|Any CPU.ActiveCfg = Debug|Any CPU
		{3C2A0439-8452-4B18-9CAB-0F5783684224}.Debug|Any CPU.Build.0 = Debug|Any CPU
		{3C2A0439-8452-4B18-9CAB-0F5783684224}.Release|Any CPU.ActiveCfg = Release|Any CPU
		{3C2A0439-8452-4B18-9CAB-0F5783684224}.Release|Any CPU.Build.0 = Release|Any CPU
		{14431FCE-60AE-4D9F-916C-9310348FA8C5}.Debug|Any CPU.ActiveCfg = Debug|Any CPU
		{14431FCE-60AE-4D9F-916C-9310348FA8C5}.Debug|Any CPU.Build.0 = Debug|Any CPU
		{14431FCE-60AE-4D9F-916C-9310348FA8C5}.Release|Any CPU.ActiveCfg = Release|Any CPU
		{14431FCE-60AE-4D9F-916C-9310348FA8C5}.Release|Any CPU.Build.0 = Release|Any CPU
	EndGlobalSection
	GlobalSection(SolutionProperties) = preSolution
		HideSolutionNode = FALSE
	EndGlobalSection
	GlobalSection(ExtensibilityGlobals) = postSolution
		SolutionGuid = {966D0C03-0C10-4CDF-8B50-A277A6DF7A8F}
	EndGlobalSection
EndGlobal
